
Microsoft Visual Studio Solution File, Format Version 12.00
# Visual Studio Version 16
VisualStudioVersion = 16.0.29230.47
MinimumVisualStudioVersion = 10.0.40219.1
Project("{2150E333-8FDC-42A3-9474-1A3956D46DE8}") = "build", "build", "{79D71264-186B-4F62-8930-35DD9ECCAF3B}"
	ProjectSection(SolutionItems) = preProject
		build.cmd = build.cmd
		build.fsx = build.fsx
		build.ps1 = build.ps1
		build.sh = build.sh
	EndProjectSection
EndProject
Project("{9A19103F-16F7-4668-BE54-9A1E7A4F7556}") = "Petabridge.App", "src\Petabridge.App\Petabridge.App.csproj", "{B8E7E573-2F8D-4D56-B33E-9770BEE62DEC}"
EndProject
Project("{9A19103F-16F7-4668-BE54-9A1E7A4F7556}") = "Petabridge.App.Tests", "src\Petabridge.App.Tests\Petabridge.App.Tests.csproj", "{C3E29605-EB45-4ACC-9A38-9A885D06847B}"
EndProject
Global
	GlobalSection(SolutionConfigurationPlatforms) = preSolution
		Debug|Any CPU = Debug|Any CPU
		Release|Any CPU = Release|Any CPU
	EndGlobalSection
	GlobalSection(ProjectConfigurationPlatforms) = postSolution
		{B8E7E573-2F8D-4D56-B33E-9770BEE62DEC}.Debug|Any CPU.ActiveCfg = Debug|Any CPU
		{B8E7E573-2F8D-4D56-B33E-9770BEE62DEC}.Debug|Any CPU.Build.0 = Debug|Any CPU
		{B8E7E573-2F8D-4D56-B33E-9770BEE62DEC}.Release|Any CPU.ActiveCfg = Release|Any CPU
		{B8E7E573-2F8D-4D56-B33E-9770BEE62DEC}.Release|Any CPU.Build.0 = Release|Any CPU
		{C3E29605-EB45-4ACC-9A38-9A885D06847B}.Debug|Any CPU.ActiveCfg = Debug|Any CPU
		{C3E29605-EB45-4ACC-9A38-9A885D06847B}.Debug|Any CPU.Build.0 = Debug|Any CPU
		{C3E29605-EB45-4ACC-9A38-9A885D06847B}.Release|Any CPU.ActiveCfg = Release|Any CPU
		{C3E29605-EB45-4ACC-9A38-9A885D06847B}.Release|Any CPU.Build.0 = Release|Any CPU
	EndGlobalSection
	GlobalSection(SolutionProperties) = preSolution
		HideSolutionNode = FALSE
	EndGlobalSection
	GlobalSection(ExtensibilityGlobals) = postSolution
		SolutionGuid = {B99E6BB8-642A-4A68-86DF-69567CBA700A}
	EndGlobalSection
EndGlobal
